
Microsoft Visual Studio Solution File, Format Version 12.00
# Visual Studio 2012
Project("{FAE04EC0-301F-11D3-BF4B-00C04F79EFBC}") = "URMSimulator", "URMSimulator\URMSimulator.csproj", "{FA77D13B-EEEC-479C-8378-72F1CC90DB22}"
EndProject
Project("{FAE04EC0-301F-11D3-BF4B-00C04F79EFBC}") = "URMSimulator.Wpf", "URMSimulator.Wpf\URMSimulator.Wpf.csproj", "{11A527E9-963B-4FC7-BA3C-5B64F2F54C1F}"
EndProject
Project("{FAE04EC0-301F-11D3-BF4B-00C04F79EFBC}") = "URMSimulator.Gtk2", "URMSimulator.Gtk2\URMSimulator.Gtk2.csproj", "{B8FB0BB4-3E50-4B2C-B0E9-11012B5C45A0}"
EndProject
Project("{FAE04EC0-301F-11D3-BF4B-00C04F79EFBC}") = "URMSimulator.Gtk3", "URMSimulator.Gtk3\URMSimulator.Gtk3.csproj", "{B0AD4295-C14C-4D65-A5DC-DAABDD2FF047}"
EndProject
Project("{2150E333-8FDC-42A3-9474-1A3956D46DE8}") = "ThirdParty", "ThirdParty", "{BD597EAF-725E-45B4-B867-A716EE571F58}"
EndProject
Project("{FAE04EC0-301F-11D3-BF4B-00C04F79EFBC}") = "XwtPlus.TextEditor", "ThirdParty\XwtPlus.TextEditor\XwtPlus.TextEditor\XwtPlus.TextEditor.csproj", "{FA8374B9-9E2A-40CE-9291-640419E64301}"
EndProject
Project("{2150E333-8FDC-42A3-9474-1A3956D46DE8}") = "Xwt", "Xwt", "{FB77C03F-2731-4FD5-8979-766FD183667A}"
EndProject
Project("{FAE04EC0-301F-11D3-BF4B-00C04F79EFBC}") = "Xwt", "ThirdParty\xwt\Xwt\Xwt.csproj", "{92494904-35FA-4DC9-BDE9-3A3E87AC49D3}"
EndProject
Project("{FAE04EC0-301F-11D3-BF4B-00C04F79EFBC}") = "Xwt.Gtk", "ThirdParty\xwt\Xwt.Gtk\Xwt.Gtk.csproj", "{C3887A93-B2BD-4097-8E2F-3A063EFF32FD}"
EndProject
Project("{FAE04EC0-301F-11D3-BF4B-00C04F79EFBC}") = "Xwt.Gtk.Windows", "ThirdParty\xwt\Xwt.Gtk.Windows\Xwt.Gtk.Windows.csproj", "{252117CA-0ABB-4F36-BFC8-DE23A8089BB9}"
EndProject
Project("{FAE04EC0-301F-11D3-BF4B-00C04F79EFBC}") = "Xwt.Gtk.Mac", "ThirdParty\xwt\Xwt.Gtk.Mac\Xwt.Gtk.Mac.csproj", "{E95833C9-90AA-4366-9262-0A1BED148249}"
EndProject
Project("{FAE04EC0-301F-11D3-BF4B-00C04F79EFBC}") = "Xwt.Gtk3", "ThirdParty\xwt\Xwt.Gtk\Xwt.Gtk3.csproj", "{3B25FD1F-CEBA-4450-8893-DC330FDB56A7}"
EndProject
Project("{FAE04EC0-301F-11D3-BF4B-00C04F79EFBC}") = "Xwt.WPF", "ThirdParty\xwt\Xwt.WPF\Xwt.WPF.csproj", "{C93D746E-1586-4D4F-B411-BF5A966E6A08}"
EndProject
Project("{FAE04EC0-301F-11D3-BF4B-00C04F79EFBC}") = "Xwt.Mac", "ThirdParty\xwt\Xwt.Mac\Xwt.Mac.csproj", "{5F8E0511-7210-487F-90A1-EC3E74467617}"
EndProject
Project("{FAE04EC0-301F-11D3-BF4B-00C04F79EFBC}") = "Xwt.XamMac", "ThirdParty\xwt\Xwt.XamMac\Xwt.XamMac.csproj", "{B7C1673E-5124-4BE5-8D21-EC8B12F85B6B}"
EndProject
Global
	GlobalSection(SolutionConfigurationPlatforms) = preSolution
		Debug|Any CPU = Debug|Any CPU
		Release|Any CPU = Release|Any CPU
		Debug|x86 = Debug|x86
		Release|x86 = Release|x86
	EndGlobalSection
	GlobalSection(ProjectConfigurationPlatforms) = postSolution
		{11A527E9-963B-4FC7-BA3C-5B64F2F54C1F}.Debug|Any CPU.ActiveCfg = Debug|x86
		{11A527E9-963B-4FC7-BA3C-5B64F2F54C1F}.Debug|Any CPU.Build.0 = Debug|x86
		{11A527E9-963B-4FC7-BA3C-5B64F2F54C1F}.Debug|x86.ActiveCfg = Debug|x86
		{11A527E9-963B-4FC7-BA3C-5B64F2F54C1F}.Debug|x86.Build.0 = Debug|x86
		{11A527E9-963B-4FC7-BA3C-5B64F2F54C1F}.Release|Any CPU.ActiveCfg = Release|x86
		{11A527E9-963B-4FC7-BA3C-5B64F2F54C1F}.Release|Any CPU.Build.0 = Release|x86
		{11A527E9-963B-4FC7-BA3C-5B64F2F54C1F}.Release|x86.ActiveCfg = Release|x86
		{11A527E9-963B-4FC7-BA3C-5B64F2F54C1F}.Release|x86.Build.0 = Release|x86
		{252117CA-0ABB-4F36-BFC8-DE23A8089BB9}.Debug|Any CPU.ActiveCfg = Debug|Any CPU
		{252117CA-0ABB-4F36-BFC8-DE23A8089BB9}.Debug|Any CPU.Build.0 = Debug|Any CPU
		{252117CA-0ABB-4F36-BFC8-DE23A8089BB9}.Debug|x86.ActiveCfg = Debug|Any CPU
		{252117CA-0ABB-4F36-BFC8-DE23A8089BB9}.Debug|x86.Build.0 = Debug|Any CPU
		{252117CA-0ABB-4F36-BFC8-DE23A8089BB9}.Release|Any CPU.ActiveCfg = Release|Any CPU
		{252117CA-0ABB-4F36-BFC8-DE23A8089BB9}.Release|Any CPU.Build.0 = Release|Any CPU
		{252117CA-0ABB-4F36-BFC8-DE23A8089BB9}.Release|x86.ActiveCfg = Release|Any CPU
		{252117CA-0ABB-4F36-BFC8-DE23A8089BB9}.Release|x86.Build.0 = Release|Any CPU
		{3B25FD1F-CEBA-4450-8893-DC330FDB56A7}.Debug|Any CPU.ActiveCfg = Debug|Any CPU
		{3B25FD1F-CEBA-4450-8893-DC330FDB56A7}.Debug|Any CPU.Build.0 = Debug|Any CPU
		{3B25FD1F-CEBA-4450-8893-DC330FDB56A7}.Debug|x86.ActiveCfg = Debug|Any CPU
		{3B25FD1F-CEBA-4450-8893-DC330FDB56A7}.Debug|x86.Build.0 = Debug|Any CPU
		{3B25FD1F-CEBA-4450-8893-DC330FDB56A7}.Release|Any CPU.ActiveCfg = Release|Any CPU
		{3B25FD1F-CEBA-4450-8893-DC330FDB56A7}.Release|Any CPU.Build.0 = Release|Any CPU
		{3B25FD1F-CEBA-4450-8893-DC330FDB56A7}.Release|x86.ActiveCfg = Release|Any CPU
		{3B25FD1F-CEBA-4450-8893-DC330FDB56A7}.Release|x86.Build.0 = Release|Any CPU
		{5F8E0511-7210-487F-90A1-EC3E74467617}.Debug|Any CPU.ActiveCfg = Debug|Any CPU
		{5F8E0511-7210-487F-90A1-EC3E74467617}.Debug|Any CPU.Build.0 = Debug|Any CPU
		{5F8E0511-7210-487F-90A1-EC3E74467617}.Debug|x86.ActiveCfg = Debug|Any CPU
		{5F8E0511-7210-487F-90A1-EC3E74467617}.Debug|x86.Build.0 = Debug|Any CPU
		{5F8E0511-7210-487F-90A1-EC3E74467617}.Release|Any CPU.ActiveCfg = Release|Any CPU
		{5F8E0511-7210-487F-90A1-EC3E74467617}.Release|Any CPU.Build.0 = Release|Any CPU
		{5F8E0511-7210-487F-90A1-EC3E74467617}.Release|x86.ActiveCfg = Release|Any CPU
		{5F8E0511-7210-487F-90A1-EC3E74467617}.Release|x86.Build.0 = Release|Any CPU
		{92494904-35FA-4DC9-BDE9-3A3E87AC49D3}.Debug|Any CPU.ActiveCfg = Debug|Any CPU
		{92494904-35FA-4DC9-BDE9-3A3E87AC49D3}.Debug|Any CPU.Build.0 = Debug|Any CPU
		{92494904-35FA-4DC9-BDE9-3A3E87AC49D3}.Debug|x86.ActiveCfg = Debug|Any CPU
		{92494904-35FA-4DC9-BDE9-3A3E87AC49D3}.Debug|x86.Build.0 = Debug|Any CPU
		{92494904-35FA-4DC9-BDE9-3A3E87AC49D3}.Release|Any CPU.ActiveCfg = Release|Any CPU
		{92494904-35FA-4DC9-BDE9-3A3E87AC49D3}.Release|Any CPU.Build.0 = Release|Any CPU
		{92494904-35FA-4DC9-BDE9-3A3E87AC49D3}.Release|x86.ActiveCfg = Release|Any CPU
		{92494904-35FA-4DC9-BDE9-3A3E87AC49D3}.Release|x86.Build.0 = Release|Any CPU
		{B0AD4295-C14C-4D65-A5DC-DAABDD2FF047}.Debug|Any CPU.ActiveCfg = Debug|x86
		{B0AD4295-C14C-4D65-A5DC-DAABDD2FF047}.Debug|Any CPU.Build.0 = Debug|x86
		{B0AD4295-C14C-4D65-A5DC-DAABDD2FF047}.Debug|x86.ActiveCfg = Debug|x86
		{B0AD4295-C14C-4D65-A5DC-DAABDD2FF047}.Debug|x86.Build.0 = Debug|x86
		{B0AD4295-C14C-4D65-A5DC-DAABDD2FF047}.Release|Any CPU.ActiveCfg = Release|x86
		{B0AD4295-C14C-4D65-A5DC-DAABDD2FF047}.Release|Any CPU.Build.0 = Release|x86
		{B0AD4295-C14C-4D65-A5DC-DAABDD2FF047}.Release|x86.ActiveCfg = Release|x86
		{B0AD4295-C14C-4D65-A5DC-DAABDD2FF047}.Release|x86.Build.0 = Release|x86
		{B7C1673E-5124-4BE5-8D21-EC8B12F85B6B}.Debug|Any CPU.ActiveCfg = Debug|Any CPU
		{B7C1673E-5124-4BE5-8D21-EC8B12F85B6B}.Debug|Any CPU.Build.0 = Debug|Any CPU
		{B7C1673E-5124-4BE5-8D21-EC8B12F85B6B}.Debug|x86.ActiveCfg = Debug|Any CPU
		{B7C1673E-5124-4BE5-8D21-EC8B12F85B6B}.Debug|x86.Build.0 = Debug|Any CPU
		{B7C1673E-5124-4BE5-8D21-EC8B12F85B6B}.Release|Any CPU.ActiveCfg = Release|Any CPU
		{B7C1673E-5124-4BE5-8D21-EC8B12F85B6B}.Release|Any CPU.Build.0 = Release|Any CPU
		{B7C1673E-5124-4BE5-8D21-EC8B12F85B6B}.Release|x86.ActiveCfg = Release|Any CPU
		{B7C1673E-5124-4BE5-8D21-EC8B12F85B6B}.Release|x86.Build.0 = Release|Any CPU
		{B8FB0BB4-3E50-4B2C-B0E9-11012B5C45A0}.Debug|Any CPU.ActiveCfg = Debug|x86
		{B8FB0BB4-3E50-4B2C-B0E9-11012B5C45A0}.Debug|Any CPU.Build.0 = Debug|x86
		{B8FB0BB4-3E50-4B2C-B0E9-11012B5C45A0}.Debug|x86.ActiveCfg = Debug|x86
		{B8FB0BB4-3E50-4B2C-B0E9-11012B5C45A0}.Debug|x86.Build.0 = Debug|x86
		{B8FB0BB4-3E50-4B2C-B0E9-11012B5C45A0}.Release|Any CPU.ActiveCfg = Release|x86
		{B8FB0BB4-3E50-4B2C-B0E9-11012B5C45A0}.Release|Any CPU.Build.0 = Release|x86
		{B8FB0BB4-3E50-4B2C-B0E9-11012B5C45A0}.Release|x86.ActiveCfg = Release|x86
		{B8FB0BB4-3E50-4B2C-B0E9-11012B5C45A0}.Release|x86.Build.0 = Release|x86
		{C3887A93-B2BD-4097-8E2F-3A063EFF32FD}.Debug|Any CPU.ActiveCfg = Debug|Any CPU
		{C3887A93-B2BD-4097-8E2F-3A063EFF32FD}.Debug|Any CPU.Build.0 = Debug|Any CPU
		{C3887A93-B2BD-4097-8E2F-3A063EFF32FD}.Debug|x86.ActiveCfg = Debug|Any CPU
		{C3887A93-B2BD-4097-8E2F-3A063EFF32FD}.Debug|x86.Build.0 = Debug|Any CPU
		{C3887A93-B2BD-4097-8E2F-3A063EFF32FD}.Release|Any CPU.ActiveCfg = Release|Any CPU
		{C3887A93-B2BD-4097-8E2F-3A063EFF32FD}.Release|Any CPU.Build.0 = Release|Any CPU
		{C3887A93-B2BD-4097-8E2F-3A063EFF32FD}.Release|x86.ActiveCfg = Release|Any CPU
		{C3887A93-B2BD-4097-8E2F-3A063EFF32FD}.Release|x86.Build.0 = Release|Any CPU
		{C93D746E-1586-4D4F-B411-BF5A966E6A08}.Debug|Any CPU.ActiveCfg = Debug|Any CPU
		{C93D746E-1586-4D4F-B411-BF5A966E6A08}.Debug|Any CPU.Build.0 = Debug|Any CPU
		{C93D746E-1586-4D4F-B411-BF5A966E6A08}.Debug|x86.ActiveCfg = Debug|Any CPU
		{C93D746E-1586-4D4F-B411-BF5A966E6A08}.Debug|x86.Build.0 = Debug|Any CPU
		{C93D746E-1586-4D4F-B411-BF5A966E6A08}.Release|Any CPU.ActiveCfg = Release|Any CPU
		{C93D746E-1586-4D4F-B411-BF5A966E6A08}.Release|Any CPU.Build.0 = Release|Any CPU
		{C93D746E-1586-4D4F-B411-BF5A966E6A08}.Release|x86.ActiveCfg = Release|Any CPU
		{C93D746E-1586-4D4F-B411-BF5A966E6A08}.Release|x86.Build.0 = Release|Any CPU
		{E95833C9-90AA-4366-9262-0A1BED148249}.Debug|Any CPU.ActiveCfg = Debug|Any CPU
		{E95833C9-90AA-4366-9262-0A1BED148249}.Debug|Any CPU.Build.0 = Debug|Any CPU
		{E95833C9-90AA-4366-9262-0A1BED148249}.Debug|x86.ActiveCfg = Debug|Any CPU
		{E95833C9-90AA-4366-9262-0A1BED148249}.Debug|x86.Build.0 = Debug|Any CPU
		{E95833C9-90AA-4366-9262-0A1BED148249}.Release|Any CPU.ActiveCfg = Release|Any CPU
		{E95833C9-90AA-4366-9262-0A1BED148249}.Release|Any CPU.Build.0 = Release|Any CPU
		{E95833C9-90AA-4366-9262-0A1BED148249}.Release|x86.ActiveCfg = Release|Any CPU
		{E95833C9-90AA-4366-9262-0A1BED148249}.Release|x86.Build.0 = Release|Any CPU
		{FA77D13B-EEEC-479C-8378-72F1CC90DB22}.Debug|Any CPU.ActiveCfg = Debug|Any CPU
		{FA77D13B-EEEC-479C-8378-72F1CC90DB22}.Debug|Any CPU.Build.0 = Debug|Any CPU
		{FA77D13B-EEEC-479C-8378-72F1CC90DB22}.Debug|x86.ActiveCfg = Debug|Any CPU
		{FA77D13B-EEEC-479C-8378-72F1CC90DB22}.Debug|x86.Build.0 = Debug|Any CPU
		{FA77D13B-EEEC-479C-8378-72F1CC90DB22}.Release|Any CPU.ActiveCfg = Release|Any CPU
		{FA77D13B-EEEC-479C-8378-72F1CC90DB22}.Release|Any CPU.Build.0 = Release|Any CPU
		{FA77D13B-EEEC-479C-8378-72F1CC90DB22}.Release|x86.ActiveCfg = Release|Any CPU
		{FA77D13B-EEEC-479C-8378-72F1CC90DB22}.Release|x86.Build.0 = Release|Any CPU
		{FA8374B9-9E2A-40CE-9291-640419E64301}.Debug|Any CPU.ActiveCfg = Debug|Any CPU
		{FA8374B9-9E2A-40CE-9291-640419E64301}.Debug|Any CPU.Build.0 = Debug|Any CPU
		{FA8374B9-9E2A-40CE-9291-640419E64301}.Debug|x86.ActiveCfg = Debug|Any CPU
		{FA8374B9-9E2A-40CE-9291-640419E64301}.Debug|x86.Build.0 = Debug|Any CPU
		{FA8374B9-9E2A-40CE-9291-640419E64301}.Release|Any CPU.ActiveCfg = Release|Any CPU
		{FA8374B9-9E2A-40CE-9291-640419E64301}.Release|Any CPU.Build.0 = Release|Any CPU
		{FA8374B9-9E2A-40CE-9291-640419E64301}.Release|x86.ActiveCfg = Release|Any CPU
		{FA8374B9-9E2A-40CE-9291-640419E64301}.Release|x86.Build.0 = Release|Any CPU
	EndGlobalSection
	GlobalSection(NestedProjects) = preSolution
		{FA8374B9-9E2A-40CE-9291-640419E64301} = {BD597EAF-725E-45B4-B867-A716EE571F58}
		{FB77C03F-2731-4FD5-8979-766FD183667A} = {BD597EAF-725E-45B4-B867-A716EE571F58}
		{92494904-35FA-4DC9-BDE9-3A3E87AC49D3} = {FB77C03F-2731-4FD5-8979-766FD183667A}
		{C3887A93-B2BD-4097-8E2F-3A063EFF32FD} = {FB77C03F-2731-4FD5-8979-766FD183667A}
		{252117CA-0ABB-4F36-BFC8-DE23A8089BB9} = {FB77C03F-2731-4FD5-8979-766FD183667A}
		{E95833C9-90AA-4366-9262-0A1BED148249} = {FB77C03F-2731-4FD5-8979-766FD183667A}
		{3B25FD1F-CEBA-4450-8893-DC330FDB56A7} = {FB77C03F-2731-4FD5-8979-766FD183667A}
		{C93D746E-1586-4D4F-B411-BF5A966E6A08} = {FB77C03F-2731-4FD5-8979-766FD183667A}
		{5F8E0511-7210-487F-90A1-EC3E74467617} = {FB77C03F-2731-4FD5-8979-766FD183667A}
		{B7C1673E-5124-4BE5-8D21-EC8B12F85B6B} = {FB77C03F-2731-4FD5-8979-766FD183667A}
	EndGlobalSection
EndGlobal
